
Microsoft Visual Studio Solution File, Format Version 12.00
# Visual Studio Version 16
VisualStudioVersion = 16.0.32228.343
MinimumVisualStudioVersion = 10.0.40219.1
Project("{FAE04EC0-301F-11D3-BF4B-00C04F79EFBC}") = "InAndOut", "InAndOut\InAndOut.csproj", "{F1F732A7-1897-4C10-B814-1E98C3C79D38}"
EndProject
Global
	GlobalSection(SolutionConfigurationPlatforms) = preSolution
		Debug|Any CPU = Debug|Any CPU
		Release|Any CPU = Release|Any CPU
	EndGlobalSection
	GlobalSection(ProjectConfigurationPlatforms) = postSolution
		{F1F732A7-1897-4C10-B814-1E98C3C79D38}.Debug|Any CPU.ActiveCfg = Debug|Any CPU
		{F1F732A7-1897-4C10-B814-1E98C3C79D38}.Debug|Any CPU.Build.0 = Debug|Any CPU
		{F1F732A7-1897-4C10-B814-1E98C3C79D38}.Release|Any CPU.ActiveCfg = Release|Any CPU
		{F1F732A7-1897-4C10-B814-1E98C3C79D38}.Release|Any CPU.Build.0 = Release|Any CPU
	EndGlobalSection
	GlobalSection(SolutionProperties) = preSolution
		HideSolutionNode = FALSE
	EndGlobalSection
	GlobalSection(ExtensibilityGlobals) = postSolution
		SolutionGuid = {84B589ED-9A1A-480E-A031-75CDEE5AFD74}
	EndGlobalSection
EndGlobal
